
Microsoft Visual Studio Solution File, Format Version 12.00
# Visual Studio Version 17
VisualStudioVersion = 17.14.36203.30
MinimumVisualStudioVersion = 10.0.40219.1
Project("{FAE04EC0-301F-11D3-BF4B-00C04F79EFBC}") = "TaskTracker", "TaskTracker.csproj", "{31602FA1-2990-4A64-A7C3-5E641E62E52E}"
EndProject
Project("{FAE04EC0-301F-11D3-BF4B-00C04F79EFBC}") = "TaskTracker_DataLayer", "..\TaskTracker_DataLayer\TaskTracker_DataLayer.csproj", "{30808BE4-0B69-4906-A721-B23132EE5D4D}"
EndProject
Project("{FAE04EC0-301F-11D3-BF4B-00C04F79EFBC}") = "TaskTracker_BusinessLayer", "..\TaskTracker_BusinessLayer\TaskTracker_BusinessLayer.csproj", "{301EDEA4-70FA-4319-81A8-CEA94CE91833}"
EndProject
Project("{FAE04EC0-301F-11D3-BF4B-00C04F79EFBC}") = "MyApp.Models", "..\MyApp.Models\MyApp.Models.csproj", "{E8497D95-803F-4E3F-8F52-C0C8A4E8E09E}"
EndProject
Global
	GlobalSection(SolutionConfigurationPlatforms) = preSolution
		Debug|Any CPU = Debug|Any CPU
		Release|Any CPU = Release|Any CPU
	EndGlobalSection
	GlobalSection(ProjectConfigurationPlatforms) = postSolution
		{31602FA1-2990-4A64-A7C3-5E641E62E52E}.Debug|Any CPU.ActiveCfg = Debug|Any CPU
		{31602FA1-2990-4A64-A7C3-5E641E62E52E}.Debug|Any CPU.Build.0 = Debug|Any CPU
		{31602FA1-2990-4A64-A7C3-5E641E62E52E}.Release|Any CPU.ActiveCfg = Release|Any CPU
		{31602FA1-2990-4A64-A7C3-5E641E62E52E}.Release|Any CPU.Build.0 = Release|Any CPU
		{30808BE4-0B69-4906-A721-B23132EE5D4D}.Debug|Any CPU.ActiveCfg = Debug|Any CPU
		{30808BE4-0B69-4906-A721-B23132EE5D4D}.Debug|Any CPU.Build.0 = Debug|Any CPU
		{30808BE4-0B69-4906-A721-B23132EE5D4D}.Release|Any CPU.ActiveCfg = Release|Any CPU
		{30808BE4-0B69-4906-A721-B23132EE5D4D}.Release|Any CPU.Build.0 = Release|Any CPU
		{301EDEA4-70FA-4319-81A8-CEA94CE91833}.Debug|Any CPU.ActiveCfg = Debug|Any CPU
		{301EDEA4-70FA-4319-81A8-CEA94CE91833}.Debug|Any CPU.Build.0 = Debug|Any CPU
		{301EDEA4-70FA-4319-81A8-CEA94CE91833}.Release|Any CPU.ActiveCfg = Release|Any CPU
		{301EDEA4-70FA-4319-81A8-CEA94CE91833}.Release|Any CPU.Build.0 = Release|Any CPU
		{E8497D95-803F-4E3F-8F52-C0C8A4E8E09E}.Debug|Any CPU.ActiveCfg = Debug|Any CPU
		{E8497D95-803F-4E3F-8F52-C0C8A4E8E09E}.Debug|Any CPU.Build.0 = Debug|Any CPU
		{E8497D95-803F-4E3F-8F52-C0C8A4E8E09E}.Release|Any CPU.ActiveCfg = Release|Any CPU
		{E8497D95-803F-4E3F-8F52-C0C8A4E8E09E}.Release|Any CPU.Build.0 = Release|Any CPU
	EndGlobalSection
	GlobalSection(SolutionProperties) = preSolution
		HideSolutionNode = FALSE
	EndGlobalSection
	GlobalSection(ExtensibilityGlobals) = postSolution
		SolutionGuid = {D7CEC2FA-7B20-4DA2-B377-C8F019588A78}
	EndGlobalSection
EndGlobal
